
Microsoft Visual Studio Solution File, Format Version 12.00
# Visual Studio Version 17
VisualStudioVersion = 17.8.34330.188
MinimumVisualStudioVersion = 10.0.40219.1
Project("{FAE04EC0-301F-11D3-BF4B-00C04F79EFBC}") = "Asm2ListView", "Asm2ListView\Asm2ListView.csproj", "{13DF3B34-B57C-4FB3-9117-2D9EFFCCF1ED}"
EndProject
Global
	GlobalSection(SolutionConfigurationPlatforms) = preSolution
		Debug|Any CPU = Debug|Any CPU
		Release|Any CPU = Release|Any CPU
	EndGlobalSection
	GlobalSection(ProjectConfigurationPlatforms) = postSolution
		{13DF3B34-B57C-4FB3-9117-2D9EFFCCF1ED}.Debug|Any CPU.ActiveCfg = Debug|Any CPU
		{13DF3B34-B57C-4FB3-9117-2D9EFFCCF1ED}.Debug|Any CPU.Build.0 = Debug|Any CPU
		{13DF3B34-B57C-4FB3-9117-2D9EFFCCF1ED}.Release|Any CPU.ActiveCfg = Release|Any CPU
		{13DF3B34-B57C-4FB3-9117-2D9EFFCCF1ED}.Release|Any CPU.Build.0 = Release|Any CPU
	EndGlobalSection
	GlobalSection(SolutionProperties) = preSolution
		HideSolutionNode = FALSE
	EndGlobalSection
	GlobalSection(ExtensibilityGlobals) = postSolution
		SolutionGuid = {B17DECCB-42D1-4EBD-AD90-C1DD3229DF41}
	EndGlobalSection
EndGlobal
